{
  "lockfileVersion": 1,
  "workspaces": {
    "": {
      "name": "fhir-ts",
      "dependencies": {
        "prettier": "3.5.3",
        "turbo": "2.4.5-canary.5",
      },
    },
    "packages/example-library": {
      "name": "@fhir-ts/example-library",
      "version": "0.0.1",
      "devDependencies": {
        "@fhir-ts/typescript-config": "workspace:*",
        "typescript": "^5.8.2",
      },
    },
    "packages/typescript-config": {
      "name": "@fhir-ts/typescript-config",
      "version": "0.0.1",
      "devDependencies": {
        "@types/bun": "1.2.5",
        "typescript": "^5.8.2",
      },
      "peerDependencies": {
        "@types/bun": ">=1.2.5 < 2",
        "typescript": ">= 5.8.2 < 6",
      },
    },
  },
  "packages": {
    "@fhir-ts/example-library": ["@fhir-ts/example-library@workspace:packages/example-library"],

    "@fhir-ts/typescript-config": ["@fhir-ts/typescript-config@workspace:packages/typescript-config"],

    "@types/bun": ["@types/bun@1.2.5", "", { "dependencies": { "bun-types": "1.2.5" } }, "sha512-w2OZTzrZTVtbnJew1pdFmgV99H0/L+Pvw+z1P67HaR18MHOzYnTYOi6qzErhK8HyT+DB782ADVPPE92Xu2/Opg=="],

    "@types/node": ["@types/node@22.13.10", "", { "dependencies": { "undici-types": "~6.20.0" } }, "sha512-I6LPUvlRH+O6VRUqYOcMudhaIdUVWfsjnZavnsraHvpBwaEyMN29ry+0UVJhImYL16xsscu0aske3yA+uPOWfw=="],

    "@types/ws": ["@types/ws@8.5.14", "", { "dependencies": { "@types/node": "*" } }, "sha512-bd/YFLW+URhBzMXurx7lWByOu+xzU9+kb3RboOteXYDfW+tr+JZa99OyNmPINEGB/ahzKrEuc8rcv4gnpJmxTw=="],

    "bun-types": ["bun-types@1.2.5", "", { "dependencies": { "@types/node": "*", "@types/ws": "~8.5.10" } }, "sha512-3oO6LVGGRRKI4kHINx5PIdIgnLRb7l/SprhzqXapmoYkFl5m4j6EvALvbDVuuBFaamB46Ap6HCUxIXNLCGy+tg=="],

    "prettier": ["prettier@3.5.3", "", { "bin": { "prettier": "bin/prettier.cjs" } }, "sha512-QQtaxnoDJeAkDvDKWCLiwIXkTgRhwYDEQCghU9Z6q03iyek/rxRh/2lC3HB7P8sWT2xC/y5JDctPLBIGzHKbhw=="],

    "turbo": ["turbo@2.4.5-canary.5", "", { "optionalDependencies": { "turbo-darwin-64": "2.4.5-canary.5", "turbo-darwin-arm64": "2.4.5-canary.5", "turbo-linux-64": "2.4.5-canary.5", "turbo-linux-arm64": "2.4.5-canary.5", "turbo-windows-64": "2.4.5-canary.5", "turbo-windows-arm64": "2.4.5-canary.5" }, "bin": { "turbo": "bin/turbo" } }, "sha512-35dDITdrhE72qfjOXy1NsA483TPaB6s9KOCCh3qytPrkVXgjSeiYmtQRfkihEW3mo1Fbk5O29eHVZYeDHX5SLA=="],

    "turbo-darwin-64": ["turbo-darwin-64@2.4.5-canary.5", "", { "os": "darwin", "cpu": "x64" }, "sha512-HLSppWwzYWjrtPY8ybd+fYa6H934Aj69Afces29ITV/kLsJiCkUUC7Oe0jTay9MrWJ1uQrbqG/UFLv73qMcewA=="],

    "turbo-darwin-arm64": ["turbo-darwin-arm64@2.4.5-canary.5", "", { "os": "darwin", "cpu": "arm64" }, "sha512-odykl+acxplo28lcX3u39hFtLQAhUBxfDEYW0NqkKUuaJhvuQ9gGOs1M52ypeiOSr0Lr59Xr/0NArqURvwDPdw=="],

    "turbo-linux-64": ["turbo-linux-64@2.4.5-canary.5", "", { "os": "linux", "cpu": "x64" }, "sha512-9MJIm1iWEI6EdA0A6U7M9L8BvfmavtQk9iMbOtD3GIyyKNNNEhJHl2TH4rVF1YO/tyzU7fZD9rttKNOOxGtyjA=="],

    "turbo-linux-arm64": ["turbo-linux-arm64@2.4.5-canary.5", "", { "os": "linux", "cpu": "arm64" }, "sha512-PsjnomaS+4pjaFVMSnfAzy30KrOhnrD/5h+tX8z7m0cvNsJk/ur5ZUr6Qt/GKRYe46ZT8wAnoiCn6LbtuUQVeA=="],

    "turbo-windows-64": ["turbo-windows-64@2.4.5-canary.5", "", { "os": "win32", "cpu": "x64" }, "sha512-94CTaGELifLM5vSw9Vq/3bpa6Dhuqml8FQgeiayfpZaBEE6MOg0DxPW8dfEMfnX3GIcH45lSZnrZX+a1E5PrkQ=="],

    "turbo-windows-arm64": ["turbo-windows-arm64@2.4.5-canary.5", "", { "os": "win32", "cpu": "arm64" }, "sha512-ItOjM+1WpMBTiXjL5Wlknf7Cd+t0CJZu5rgmPHVdKFqEqC3Q0pkhJluSLNOVMjiM4u/vR1XI1doEIE3xXMRHoQ=="],

    "typescript": ["typescript@5.8.2", "", { "bin": { "tsc": "bin/tsc", "tsserver": "bin/tsserver" } }, "sha512-aJn6wq13/afZp/jT9QZmwEjDqqvSGp1VT5GVg+f/t6/oVyrgXM6BY1h9BRh/O5p3PlUPAe+WuiEZOmb/49RqoQ=="],

    "undici-types": ["undici-types@6.20.0", "", {}, "sha512-Ny6QZ2Nju20vw1SRHe3d9jVu6gJ+4e3+MMpqu7pqE5HT6WsTSlce++GQmK5UXS8mzV8DSYHrQH+Xrf2jVcuKNg=="],
  }
}
